// !$*UTF8*$!
{
	archiveVersion = 1;
	classes = {
	};
	objectVersion = 56;
	objects = {

/* Begin PBXBuildFile section */
		F323F81E29E53BC8002BD39E /* AppDelegate.swift in Sources */ = {isa = PBXBuildFile; fileRef = F323F81D29E53BC8002BD39E /* AppDelegate.swift */; };
		F323F82029E53BC8002BD39E /* SceneDelegate.swift in Sources */ = {isa = PBXBuildFile; fileRef = F323F81F29E53BC8002BD39E /* SceneDelegate.swift */; };
		F323F82229E53BC9002BD39E /* ViewController.swift in Sources */ = {isa = PBXBuildFile; fileRef = F323F82129E53BC9002BD39E /* ViewController.swift */; };
		F323F82529E53BC9002BD39E /* Main.storyboard in Resources */ = {isa = PBXBuildFile; fileRef = F323F82329E53BC9002BD39E /* Main.storyboard */; };
		F323F82729E53BCB002BD39E /* Assets.xcassets in Resources */ = {isa = PBXBuildFile; fileRef = F323F82629E53BCB002BD39E /* Assets.xcassets */; };
		F323F82A29E53BCB002BD39E /* LaunchScreen.storyboard in Resources */ = {isa = PBXBuildFile; fileRef = F323F82829E53BCB002BD39E /* LaunchScreen.storyboard */; };
		F323F83529E53BCB002BD39E /* CollectionViewsTests.swift in Sources */ = {isa = PBXBuildFile; fileRef = F323F83429E53BCB002BD39E /* CollectionViewsTests.swift */; };
		F323F83F29E53BCB002BD39E /* CollectionViewsUITests.swift in Sources */ = {isa = PBXBuildFile; fileRef = F323F83E29E53BCB002BD39E /* CollectionViewsUITests.swift */; };
		F323F84129E53BCB002BD39E /* CollectionViewsUITestsLaunchTests.swift in Sources */ = {isa = PBXBuildFile; fileRef = F323F84029E53BCB002BD39E /* CollectionViewsUITestsLaunchTests.swift */; };
		F323F84E29E53D8F002BD39E /* PhotoCollectionViewCell.swift in Sources */ = {isa = PBXBuildFile; fileRef = F323F84D29E53D8F002BD39E /* PhotoCollectionViewCell.swift */; };
/* End PBXBuildFile section */

/* Begin PBXContainerItemProxy section */
		F323F83129E53BCB002BD39E /* PBXContainerItemProxy */ = {
			isa = PBXContainerItemProxy;
			containerPortal = F323F81229E53BC8002BD39E /* Project object */;
			proxyType = 1;
			remoteGlobalIDString = F323F81929E53BC8002BD39E;
			remoteInfo = CollectionViews;
		};
		F323F83B29E53BCB002BD39E /* PBXContainerItemProxy */ = {
			isa = PBXContainerItemProxy;
			containerPortal = F323F81229E53BC8002BD39E /* Project object */;
			proxyType = 1;
			remoteGlobalIDString = F323F81929E53BC8002BD39E;
			remoteInfo = CollectionViews;
		};
/* End PBXContainerItemProxy section */

/* Begin PBXFileReference section */
		F323F81A29E53BC8002BD39E /* CollectionViews.app */ = {isa = PBXFileReference; explicitFileType = wrapper.application; includeInIndex = 0; path = CollectionViews.app; sourceTree = BUILT_PRODUCTS_DIR; };
		F323F81D29E53BC8002BD39E /* AppDelegate.swift */ = {isa = PBXFileReference; lastKnownFileType = sourcecode.swift; path = AppDelegate.swift; sourceTree = "<group>"; };
		F323F81F29E53BC8002BD39E /* SceneDelegate.swift */ = {isa = PBXFileReference; lastKnownFileType = sourcecode.swift; path = SceneDelegate.swift; sourceTree = "<group>"; };
		F323F82129E53BC9002BD39E /* ViewController.swift */ = {isa = PBXFileReference; lastKnownFileType = sourcecode.swift; path = ViewController.swift; sourceTree = "<group>"; };
		F323F82429E53BC9002BD39E /* Base */ = {isa = PBXFileReference; lastKnownFileType = file.storyboard; name = Base; path = Base.lproj/Main.storyboard; sourceTree = "<group>"; };
		F323F82629E53BCB002BD39E /* Assets.xcassets */ = {isa = PBXFileReference; lastKnownFileType = folder.assetcatalog; path = Assets.xcassets; sourceTree = "<group>"; };
		F323F82929E53BCB002BD39E /* Base */ = {isa = PBXFileReference; lastKnownFileType = file.storyboard; name = Base; path = Base.lproj/LaunchScreen.storyboard; sourceTree = "<group>"; };
		F323F82B29E53BCB002BD39E /* Info.plist */ = {isa = PBXFileReference; lastKnownFileType = text.plist.xml; path = Info.plist; sourceTree = "<group>"; };
		F323F83029E53BCB002BD39E /* CollectionViewsTests.xctest */ = {isa = PBXFileReference; explicitFileType = wrapper.cfbundle; includeInIndex = 0; path = CollectionViewsTests.xctest; sourceTree = BUILT_PRODUCTS_DIR; };
		F323F83429E53BCB002BD39E /* CollectionViewsTests.swift */ = {isa = PBXFileReference; lastKnownFileType = sourcecode.swift; path = CollectionViewsTests.swift; sourceTree = "<group>"; };
		F323F83A29E53BCB002BD39E /* CollectionViewsUITests.xctest */ = {isa = PBXFileReference; explicitFileType = wrapper.cfbundle; includeInIndex = 0; path = CollectionViewsUITests.xctest; sourceTree = BUILT_PRODUCTS_DIR; };
		F323F83E29E53BCB002BD39E /* CollectionViewsUITests.swift */ = {isa = PBXFileReference; lastKnownFileType = sourcecode.swift; path = CollectionViewsUITests.swift; sourceTree = "<group>"; };
		F323F84029E53BCB002BD39E /* CollectionViewsUITestsLaunchTests.swift */ = {isa = PBXFileReference; lastKnownFileType = sourcecode.swift; path = CollectionViewsUITestsLaunchTests.swift; sourceTree = "<group>"; };
		F323F84D29E53D8F002BD39E /* PhotoCollectionViewCell.swift */ = {isa = PBXFileReference; lastKnownFileType = sourcecode.swift; path = PhotoCollectionViewCell.swift; sourceTree = "<group>"; };
/* End PBXFileReference section */

/* Begin PBXFrameworksBuildPhase section */
		F323F81729E53BC8002BD39E /* Frameworks */ = {
			isa = PBXFrameworksBuildPhase;
			buildActionMask = 2147483647;
			files = (
			);
			runOnlyForDeploymentPostprocessing = 0;
		};
		F323F82D29E53BCB002BD39E /* Frameworks */ = {
			isa = PBXFrameworksBuildPhase;
			buildActionMask = 2147483647;
			files = (
			);
			runOnlyForDeploymentPostprocessing = 0;
		};
		F323F83729E53BCB002BD39E /* Frameworks */ = {
			isa = PBXFrameworksBuildPhase;
			buildActionMask = 2147483647;
			files = (
			);
			runOnlyForDeploymentPostprocessing = 0;
		};
/* End PBXFrameworksBuildPhase section */

/* Begin PBXGroup section */
		F323F81129E53BC8002BD39E = {
			isa = PBXGroup;
			children = (
				F323F81C29E53BC8002BD39E /* CollectionViews */,
				F323F83329E53BCB002BD39E /* CollectionViewsTests */,
				F323F83D29E53BCB002BD39E /* CollectionViewsUITests */,
				F323F81B29E53BC8002BD39E /* Products */,
			);
			sourceTree = "<group>";
		};
		F323F81B29E53BC8002BD39E /* Products */ = {
			isa = PBXGroup;
			children = (
				F323F81A29E53BC8002BD39E /* CollectionViews.app */,
				F323F83029E53BCB002BD39E /* CollectionViewsTests.xctest */,
				F323F83A29E53BCB002BD39E /* CollectionViewsUITests.xctest */,
			);
			name = Products;
			sourceTree = "<group>";
		};
		F323F81C29E53BC8002BD39E /* CollectionViews */ = {
			isa = PBXGroup;
			children = (
				F323F81D29E53BC8002BD39E /* AppDelegate.swift */,
				F323F81F29E53BC8002BD39E /* SceneDelegate.swift */,
				F323F82129E53BC9002BD39E /* ViewController.swift */,
				F323F82329E53BC9002BD39E /* Main.storyboard */,
				F323F82629E53BCB002BD39E /* Assets.xcassets */,
				F323F82829E53BCB002BD39E /* LaunchScreen.storyboard */,
				F323F82B29E53BCB002BD39E /* Info.plist */,
				F323F84D29E53D8F002BD39E /* PhotoCollectionViewCell.swift */,
			);
			path = CollectionViews;
			sourceTree = "<group>";
		};
		F323F83329E53BCB002BD39E /* CollectionViewsTests */ = {
			isa = PBXGroup;
			children = (
				F323F83429E53BCB002BD39E /* CollectionViewsTests.swift */,
			);
			path = CollectionViewsTests;
			sourceTree = "<group>";
		};
		F323F83D29E53BCB002BD39E /* CollectionViewsUITests */ = {
			isa = PBXGroup;
			children = (
				F323F83E29E53BCB002BD39E /* CollectionViewsUITests.swift */,
				F323F84029E53BCB002BD39E /* CollectionViewsUITestsLaunchTests.swift */,
			);
			path = CollectionViewsUITests;
			sourceTree = "<group>";
		};
/* End PBXGroup section */

/* Begin PBXNativeTarget section */
		F323F81929E53BC8002BD39E /* CollectionViews */ = {
			isa = PBXNativeTarget;
			buildConfigurationList = F323F84429E53BCB002BD39E /* Build configuration list for PBXNativeTarget "CollectionViews" */;
			buildPhases = (
				F323F81629E53BC8002BD39E /* Sources */,
				F323F81729E53BC8002BD39E /* Frameworks */,
				F323F81829E53BC8002BD39E /* Resources */,
			);
			buildRules = (
			);
			dependencies = (
			);
			name = CollectionViews;
			productName = CollectionViews;
			productReference = F323F81A29E53BC8002BD39E /* CollectionViews.app */;
			productType = "com.apple.product-type.application";
		};
		F323F82F29E53BCB002BD39E /* CollectionViewsTests */ = {
			isa = PBXNativeTarget;
			buildConfigurationList = F323F84729E53BCB002BD39E /* Build configuration list for PBXNativeTarget "CollectionViewsTests" */;
			buildPhases = (
				F323F82C29E53BCB002BD39E /* Sources */,
				F323F82D29E53BCB002BD39E /* Frameworks */,
				F323F82E29E53BCB002BD39E /* Resources */,
			);
			buildRules = (
			);
			dependencies = (
				F323F83229E53BCB002BD39E /* PBXTargetDependency */,
			);
			name = CollectionViewsTests;
			productName = CollectionViewsTests;
			productReference = F323F83029E53BCB002BD39E /* CollectionViewsTests.xctest */;
			productType = "com.apple.product-type.bundle.unit-test";
		};
		F323F83929E53BCB002BD39E /* CollectionViewsUITests */ = {
			isa = PBXNativeTarget;
			buildConfigurationList = F323F84A29E53BCB002BD39E /* Build configuration list for PBXNativeTarget "CollectionViewsUITests" */;
			buildPhases = (
				F323F83629E53BCB002BD39E /* Sources */,
				F323F83729E53BCB002BD39E /* Frameworks */,
				F323F83829E53BCB002BD39E /* Resources */,
			);
			buildRules = (
			);
			dependencies = (
				F323F83C29E53BCB002BD39E /* PBXTargetDependency */,
			);
			name = CollectionViewsUITests;
			productName = CollectionViewsUITests;
			productReference = F323F83A29E53BCB002BD39E /* CollectionViewsUITests.xctest */;
			productType = "com.apple.product-type.bundle.ui-testing";
		};
/* End PBXNativeTarget section */

/* Begin PBXProject section */
		F323F81229E53BC8002BD39E /* Project object */ = {
			isa = PBXProject;
			attributes = {
				BuildIndependentTargetsInParallel = 1;
				LastSwiftUpdateCheck = 1410;
				LastUpgradeCheck = 1410;
				TargetAttributes = {
					F323F81929E53BC8002BD39E = {
						CreatedOnToolsVersion = 14.1;
					};
					F323F82F29E53BCB002BD39E = {
						CreatedOnToolsVersion = 14.1;
						TestTargetID = F323F81929E53BC8002BD39E;
					};
					F323F83929E53BCB002BD39E = {
						CreatedOnToolsVersion = 14.1;
						TestTargetID = F323F81929E53BC8002BD39E;
					};
				};
			};
			buildConfigurationList = F323F81529E53BC8002BD39E /* Build configuration list for PBXProject "CollectionViews" */;
			compatibilityVersion = "Xcode 14.0";
			developmentRegion = en;
			hasScannedForEncodings = 0;
			knownRegions = (
				en,
				Base,
			);
			mainGroup = F323F81129E53BC8002BD39E;
			productRefGroup = F323F81B29E53BC8002BD39E /* Products */;
			projectDirPath = "";
			projectRoot = "";
			targets = (
				F323F81929E53BC8002BD39E /* CollectionViews */,
				F323F82F29E53BCB002BD39E /* CollectionViewsTests */,
				F323F83929E53BCB002BD39E /* CollectionViewsUITests */,
			);
		};
/* End PBXProject section */

/* Begin PBXResourcesBuildPhase section */
		F323F81829E53BC8002BD39E /* Resources */ = {
			isa = PBXResourcesBuildPhase;
			buildActionMask = 2147483647;
			files = (
				F323F82A29E53BCB002BD39E /* LaunchScreen.storyboard in Resources */,
				F323F82729E53BCB002BD39E /* Assets.xcassets in Resources */,
				F323F82529E53BC9002BD39E /* Main.storyboard in Resources */,
			);
			runOnlyForDeploymentPostprocessing = 0;
		};
		F323F82E29E53BCB002BD39E /* Resources */ = {
			isa = PBXResourcesBuildPhase;
			buildActionMask = 2147483647;
			files = (
			);
			runOnlyForDeploymentPostprocessing = 0;
		};
		F323F83829E53BCB002BD39E /* Resources */ = {
			isa = PBXResourcesBuildPhase;
			buildActionMask = 2147483647;
			files = (
			);
			runOnlyForDeploymentPostprocessing = 0;
		};
/* End PBXResourcesBuildPhase section */

/* Begin PBXSourcesBuildPhase section */
		F323F81629E53BC8002BD39E /* Sources */ = {
			isa = PBXSourcesBuildPhase;
			buildActionMask = 2147483647;
			files = (
				F323F82229E53BC9002BD39E /* ViewController.swift in Sources */,
				F323F84E29E53D8F002BD39E /* PhotoCollectionViewCell.swift in Sources */,
				F323F81E29E53BC8002BD39E /* AppDelegate.swift in Sources */,
				F323F82029E53BC8002BD39E /* SceneDelegate.swift in Sources */,
			);
			runOnlyForDeploymentPostprocessing = 0;
		};
		F323F82C29E53BCB002BD39E /* Sources */ = {
			isa = PBXSourcesBuildPhase;
			buildActionMask = 2147483647;
			files = (
				F323F83529E53BCB002BD39E /* CollectionViewsTests.swift in Sources */,
			);
			runOnlyForDeploymentPostprocessing = 0;
		};
		F323F83629E53BCB002BD39E /* Sources */ = {
			isa = PBXSourcesBuildPhase;
			buildActionMask = 2147483647;
			files = (
				F323F83F29E53BCB002BD39E /* CollectionViewsUITests.swift in Sources */,
				F323F84129E53BCB002BD39E /* CollectionViewsUITestsLaunchTests.swift in Sources */,
			);
			runOnlyForDeploymentPostprocessing = 0;
		};
/* End PBXSourcesBuildPhase section */

/* Begin PBXTargetDependency section */
		F323F83229E53BCB002BD39E /* PBXTargetDependency */ = {
			isa = PBXTargetDependency;
			target = F323F81929E53BC8002BD39E /* CollectionViews */;
			targetProxy = F323F83129E53BCB002BD39E /* PBXContainerItemProxy */;
		};
		F323F83C29E53BCB002BD39E /* PBXTargetDependency */ = {
			isa = PBXTargetDependency;
			target = F323F81929E53BC8002BD39E /* CollectionViews */;
			targetProxy = F323F83B29E53BCB002BD39E /* PBXContainerItemProxy */;
		};
/* End PBXTargetDependency section */

/* Begin PBXVariantGroup section */
		F323F82329E53BC9002BD39E /* Main.storyboard */ = {
			isa = PBXVariantGroup;
			children = (
				F323F82429E53BC9002BD39E /* Base */,
			);
			name = Main.storyboard;
			sourceTree = "<group>";
		};
		F323F82829E53BCB002BD39E /* LaunchScreen.storyboard */ = {
			isa = PBXVariantGroup;
			children = (
				F323F82929E53BCB002BD39E /* Base */,
			);
			name = LaunchScreen.storyboard;
			sourceTree = "<group>";
		};
/* End PBXVariantGroup section */

/* Begin XCBuildConfiguration section */
		F323F84229E53BCB002BD39E /* Debug */ = {
			isa = XCBuildConfiguration;
			buildSettings = {
				ALWAYS_SEARCH_USER_PATHS = NO;
				CLANG_ANALYZER_NONNULL = YES;
				CLANG_ANALYZER_NUMBER_OBJECT_CONVERSION = YES_AGGRESSIVE;
				CLANG_CXX_LANGUAGE_STANDARD = "gnu++20";
				CLANG_ENABLE_MODULES = YES;
				CLANG_ENABLE_OBJC_ARC = YES;
				CLANG_ENABLE_OBJC_WEAK = YES;
				CLANG_WARN_BLOCK_CAPTURE_AUTORELEASING = YES;
				CLANG_WARN_BOOL_CONVERSION = YES;
				CLANG_WARN_COMMA = YES;
				CLANG_WARN_CONSTANT_CONVERSION = YES;
				CLANG_WARN_DEPRECATED_OBJC_IMPLEMENTATIONS = YES;
				CLANG_WARN_DIRECT_OBJC_ISA_USAGE = YES_ERROR;
				CLANG_WARN_DOCUMENTATION_COMMENTS = YES;
				CLANG_WARN_EMPTY_BODY = YES;
				CLANG_WARN_ENUM_CONVERSION = YES;
				CLANG_WARN_INFINITE_RECURSION = YES;
				CLANG_WARN_INT_CONVERSION = YES;
				CLANG_WARN_NON_LITERAL_NULL_CONVERSION = YES;
				CLANG_WARN_OBJC_IMPLICIT_RETAIN_SELF = YES;
				CLANG_WARN_OBJC_LITERAL_CONVERSION = YES;
				CLANG_WARN_OBJC_ROOT_CLASS = YES_ERROR;
				CLANG_WARN_QUOTED_INCLUDE_IN_FRAMEWORK_HEADER = YES;
				CLANG_WARN_RANGE_LOOP_ANALYSIS = YES;
				CLANG_WARN_STRICT_PROTOTYPES = YES;
				CLANG_WARN_SUSPICIOUS_MOVE = YES;
				CLANG_WARN_UNGUARDED_AVAILABILITY = YES_AGGRESSIVE;
				CLANG_WARN_UNREACHABLE_CODE = YES;
				CLANG_WARN__DUPLICATE_METHOD_MATCH = YES;
				COPY_PHASE_STRIP = NO;
				DEBUG_INFORMATION_FORMAT = dwarf;
				ENABLE_STRICT_OBJC_MSGSEND = YES;
				ENABLE_TESTABILITY = YES;
				GCC_C_LANGUAGE_STANDARD = gnu11;
				GCC_DYNAMIC_NO_PIC = NO;
				GCC_NO_COMMON_BLOCKS = YES;
				GCC_OPTIMIZATION_LEVEL = 0;
				GCC_PREPROCESSOR_DEFINITIONS = (
					"DEBUG=1",
					"$(inherited)",
				);
				GCC_WARN_64_TO_32_BIT_CONVERSION = YES;
				GCC_WARN_ABOUT_RETURN_TYPE = YES_ERROR;
				GCC_WARN_UNDECLARED_SELECTOR = YES;
				GCC_WARN_UNINITIALIZED_AUTOS = YES_AGGRESSIVE;
				GCC_WARN_UNUSED_FUNCTION = YES;
				GCC_WARN_UNUSED_VARIABLE = YES;
				IPHONEOS_DEPLOYMENT_TARGET = 16.1;
				MTL_ENABLE_DEBUG_INFO = INCLUDE_SOURCE;
				MTL_FAST_MATH = YES;
				ONLY_ACTIVE_ARCH = YES;
				SDKROOT = iphoneos;
				SWIFT_ACTIVE_COMPILATION_CONDITIONS = DEBUG;
				SWIFT_OPTIMIZATION_LEVEL = "-Onone";
			};
			name = Debug;
		};
		F323F84329E53BCB002BD39E /* Release */ = {
			isa = XCBuildConfiguration;
			buildSettings = {
				ALWAYS_SEARCH_USER_PATHS = NO;
				CLANG_ANALYZER_NONNULL = YES;
				CLANG_ANALYZER_NUMBER_OBJECT_CONVERSION = YES_AGGRESSIVE;
				CLANG_CXX_LANGUAGE_STANDARD = "gnu++20";
				CLANG_ENABLE_MODULES = YES;
				CLANG_ENABLE_OBJC_ARC = YES;
				CLANG_ENABLE_OBJC_WEAK = YES;
				CLANG_WARN_BLOCK_CAPTURE_AUTORELEASING = YES;
				CLANG_WARN_BOOL_CONVERSION = YES;
				CLANG_WARN_COMMA = YES;
				CLANG_WARN_CONSTANT_CONVERSION = YES;
				CLANG_WARN_DEPRECATED_OBJC_IMPLEMENTATIONS = YES;
				CLANG_WARN_DIRECT_OBJC_ISA_USAGE = YES_ERROR;
				CLANG_WARN_DOCUMENTATION_COMMENTS = YES;
				CLANG_WARN_EMPTY_BODY = YES;
				CLANG_WARN_ENUM_CONVERSION = YES;
				CLANG_WARN_INFINITE_RECURSION = YES;
				CLANG_WARN_INT_CONVERSION = YES;
				CLANG_WARN_NON_LITERAL_NULL_CONVERSION = YES;
				CLANG_WARN_OBJC_IMPLICIT_RETAIN_SELF = YES;
				CLANG_WARN_OBJC_LITERAL_CONVERSION = YES;
				CLANG_WARN_OBJC_ROOT_CLASS = YES_ERROR;
				CLANG_WARN_QUOTED_INCLUDE_IN_FRAMEWORK_HEADER = YES;
				CLANG_WARN_RANGE_LOOP_ANALYSIS = YES;
				CLANG_WARN_STRICT_PROTOTYPES = YES;
				CLANG_WARN_SUSPICIOUS_MOVE = YES;
				CLANG_WARN_UNGUARDED_AVAILABILITY = YES_AGGRESSIVE;
				CLANG_WARN_UNREACHABLE_CODE = YES;
				CLANG_WARN__DUPLICATE_METHOD_MATCH = YES;
				COPY_PHASE_STRIP = NO;
				DEBUG_INFORMATION_FORMAT = "dwarf-with-dsym";
				ENABLE_NS_ASSERTIONS = NO;
				ENABLE_STRICT_OBJC_MSGSEND = YES;
				GCC_C_LANGUAGE_STANDARD = gnu11;
				GCC_NO_COMMON_BLOCKS = YES;
				GCC_WARN_64_TO_32_BIT_CONVERSION = YES;
				GCC_WARN_ABOUT_RETURN_TYPE = YES_ERROR;
				GCC_WARN_UNDECLARED_SELECTOR = YES;
				GCC_WARN_UNINITIALIZED_AUTOS = YES_AGGRESSIVE;
				GCC_WARN_UNUSED_FUNCTION = YES;
				GCC_WARN_UNUSED_VARIABLE = YES;
				IPHONEOS_DEPLOYMENT_TARGET = 16.1;
				MTL_ENABLE_DEBUG_INFO = NO;
				MTL_FAST_MATH = YES;
				SDKROOT = iphoneos;
				SWIFT_COMPILATION_MODE = wholemodule;
				SWIFT_OPTIMIZATION_LEVEL = "-O";
				VALIDATE_PRODUCT = YES;
			};
			name = Release;
		};
		F323F84529E53BCB002BD39E /* Debug */ = {
			isa = XCBuildConfiguration;
			buildSettings = {
				ASSETCATALOG_COMPILER_APPICON_NAME = AppIcon;
				ASSETCATALOG_COMPILER_GLOBAL_ACCENT_COLOR_NAME = AccentColor;
				CODE_SIGN_STYLE = Automatic;
				CURRENT_PROJECT_VERSION = 1;
				DEVELOPMENT_TEAM = SD48432CPV;
				GENERATE_INFOPLIST_FILE = YES;
				INFOPLIST_FILE = CollectionViews/Info.plist;
				INFOPLIST_KEY_UIApplicationSupportsIndirectInputEvents = YES;
				INFOPLIST_KEY_UILaunchStoryboardName = LaunchScreen;
				INFOPLIST_KEY_UIMainStoryboardFile = Main;
				INFOPLIST_KEY_UISupportedInterfaceOrientations_iPad = "UIInterfaceOrientationPortrait UIInterfaceOrientationPortraitUpsideDown UIInterfaceOrientationLandscapeLeft UIInterfaceOrientationLandscapeRight";
				INFOPLIST_KEY_UISupportedInterfaceOrientations_iPhone = "UIInterfaceOrientationPortrait UIInterfaceOrientationLandscapeLeft UIInterfaceOrientationLandscapeRight";
				LD_RUNPATH_SEARCH_PATHS = (
					"$(inherited)",
					"@executable_path/Frameworks",
				);
				MARKETING_VERSION = 1.0;
				PRODUCT_BUNDLE_IDENTIFIER = tony.chen.CollectionViews;
				PRODUCT_NAME = "$(TARGET_NAME)";
				SWIFT_EMIT_LOC_STRINGS = YES;
				SWIFT_VERSION = 5.0;
				TARGETED_DEVICE_FAMILY = "1,2";
			};
			name = Debug;
		};
		F323F84629E53BCB002BD39E /* Release */ = {
			isa = XCBuildConfiguration;
			buildSettings = {
				ASSETCATALOG_COMPILER_APPICON_NAME = AppIcon;
				ASSETCATALOG_COMPILER_GLOBAL_ACCENT_COLOR_NAME = AccentColor;
				CODE_SIGN_STYLE = Automatic;
				CURRENT_PROJECT_VERSION = 1;
				DEVELOPMENT_TEAM = SD48432CPV;
				GENERATE_INFOPLIST_FILE = YES;
				INFOPLIST_FILE = CollectionViews/Info.plist;
				INFOPLIST_KEY_UIApplicationSupportsIndirectInputEvents = YES;
				INFOPLIST_KEY_UILaunchStoryboardName = LaunchScreen;
				INFOPLIST_KEY_UIMainStoryboardFile = Main;
				INFOPLIST_KEY_UISupportedInterfaceOrientations_iPad = "UIInterfaceOrientationPortrait UIInterfaceOrientationPortraitUpsideDown UIInterfaceOrientationLandscapeLeft UIInterfaceOrientationLandscapeRight";
				INFOPLIST_KEY_UISupportedInterfaceOrientations_iPhone = "UIInterfaceOrientationPortrait UIInterfaceOrientationLandscapeLeft UIInterfaceOrientationLandscapeRight";
				LD_RUNPATH_SEARCH_PATHS = (
					"$(inherited)",
					"@executable_path/Frameworks",
				);
				MARKETING_VERSION = 1.0;
				PRODUCT_BUNDLE_IDENTIFIER = tony.chen.CollectionViews;
				PRODUCT_NAME = "$(TARGET_NAME)";
				SWIFT_EMIT_LOC_STRINGS = YES;
				SWIFT_VERSION = 5.0;
				TARGETED_DEVICE_FAMILY = "1,2";
			};
			name = Release;
		};
		F323F84829E53BCB002BD39E /* Debug */ = {
			isa = XCBuildConfiguration;
			buildSettings = {
				ALWAYS_EMBED_SWIFT_STANDARD_LIBRARIES = YES;
				BUNDLE_LOADER = "$(TEST_HOST)";
				CODE_SIGN_STYLE = Automatic;
				CURRENT_PROJECT_VERSION = 1;
				DEVELOPMENT_TEAM = SD48432CPV;
				GENERATE_INFOPLIST_FILE = YES;
				IPHONEOS_DEPLOYMENT_TARGET = 16.1;
				MARKETING_VERSION = 1.0;
				PRODUCT_BUNDLE_IDENTIFIER = tony.chen.CollectionViewsTests;
				PRODUCT_NAME = "$(TARGET_NAME)";
				SWIFT_EMIT_LOC_STRINGS = NO;
				SWIFT_VERSION = 5.0;
				TARGETED_DEVICE_FAMILY = "1,2";
				TEST_HOST = "$(BUILT_PRODUCTS_DIR)/CollectionViews.app/$(BUNDLE_EXECUTABLE_FOLDER_PATH)/CollectionViews";
			};
			name = Debug;
		};
		F323F84929E53BCB002BD39E /* Release */ = {
			isa = XCBuildConfiguration;
			buildSettings = {
				ALWAYS_EMBED_SWIFT_STANDARD_LIBRARIES = YES;
				BUNDLE_LOADER = "$(TEST_HOST)";
				CODE_SIGN_STYLE = Automatic;
				CURRENT_PROJECT_VERSION = 1;
				DEVELOPMENT_TEAM = SD48432CPV;
				GENERATE_INFOPLIST_FILE = YES;
				IPHONEOS_DEPLOYMENT_TARGET = 16.1;
				MARKETING_VERSION = 1.0;
				PRODUCT_BUNDLE_IDENTIFIER = tony.chen.CollectionViewsTests;
				PRODUCT_NAME = "$(TARGET_NAME)";
				SWIFT_EMIT_LOC_STRINGS = NO;
				SWIFT_VERSION = 5.0;
				TARGETED_DEVICE_FAMILY = "1,2";
				TEST_HOST = "$(BUILT_PRODUCTS_DIR)/CollectionViews.app/$(BUNDLE_EXECUTABLE_FOLDER_PATH)/CollectionViews";
			};
			name = Release;
		};
		F323F84B29E53BCB002BD39E /* Debug */ = {
			isa = XCBuildConfiguration;
			buildSettings = {
				ALWAYS_EMBED_SWIFT_STANDARD_LIBRARIES = YES;
				CODE_SIGN_STYLE = Automatic;
				CURRENT_PROJECT_VERSION = 1;
				DEVELOPMENT_TEAM = SD48432CPV;
				GENERATE_INFOPLIST_FILE = YES;
				MARKETING_VERSION = 1.0;
				PRODUCT_BUNDLE_IDENTIFIER = tony.chen.CollectionViewsUITests;
				PRODUCT_NAME = "$(TARGET_NAME)";
				SWIFT_EMIT_LOC_STRINGS = NO;
				SWIFT_VERSION = 5.0;
				TARGETED_DEVICE_FAMILY = "1,2";
				TEST_TARGET_NAME = CollectionViews;
			};
			name = Debug;
		};
		F323F84C29E53BCB002BD39E /* Release */ = {
			isa = XCBuildConfiguration;
			buildSettings = {
				ALWAYS_EMBED_SWIFT_STANDARD_LIBRARIES = YES;
				CODE_SIGN_STYLE = Automatic;
				CURRENT_PROJECT_VERSION = 1;
				DEVELOPMENT_TEAM = SD48432CPV;
				GENERATE_INFOPLIST_FILE = YES;
				MARKETING_VERSION = 1.0;
				PRODUCT_BUNDLE_IDENTIFIER = tony.chen.CollectionViewsUITests;
				PRODUCT_NAME = "$(TARGET_NAME)";
				SWIFT_EMIT_LOC_STRINGS = NO;
				SWIFT_VERSION = 5.0;
				TARGETED_DEVICE_FAMILY = "1,2";
				TEST_TARGET_NAME = CollectionViews;
			};
			name = Release;
		};
/* End XCBuildConfiguration section */

/* Begin XCConfigurationList section */
		F323F81529E53BC8002BD39E /* Build configuration list for PBXProject "CollectionViews" */ = {
			isa = XCConfigurationList;
			buildConfigurations = (
				F323F84229E53BCB002BD39E /* Debug */,
				F323F84329E53BCB002BD39E /* Release */,
			);
			defaultConfigurationIsVisible = 0;
			defaultConfigurationName = Release;
		};
		F323F84429E53BCB002BD39E /* Build configuration list for PBXNativeTarget "CollectionViews" */ = {
			isa = XCConfigurationList;
			buildConfigurations = (
				F323F84529E53BCB002BD39E /* Debug */,
				F323F84629E53BCB002BD39E /* Release */,
			);
			defaultConfigurationIsVisible = 0;
			defaultConfigurationName = Release;
		};
		F323F84729E53BCB002BD39E /* Build configuration list for PBXNativeTarget "CollectionViewsTests" */ = {
			isa = XCConfigurationList;
			buildConfigurations = (
				F323F84829E53BCB002BD39E /* Debug */,
				F323F84929E53BCB002BD39E /* Release */,
			);
			defaultConfigurationIsVisible = 0;
			defaultConfigurationName = Release;
		};
		F323F84A29E53BCB002BD39E /* Build configuration list for PBXNativeTarget "CollectionViewsUITests" */ = {
			isa = XCConfigurationList;
			buildConfigurations = (
				F323F84B29E53BCB002BD39E /* Debug */,
				F323F84C29E53BCB002BD39E /* Release */,
			);
			defaultConfigurationIsVisible = 0;
			defaultConfigurationName = Release;
		};
/* End XCConfigurationList section */
	};
	rootObject = F323F81229E53BC8002BD39E /* Project object */;
}
